// !$*UTF8*$!
{
	archiveVersion = 1;
	classes = {
	};
	objectVersion = 50;
	objects = {

/* Begin PBXBuildFile section */
		694CD5A2225B184B007A3447 /* AppDelegate.swift in Sources */ = {isa = PBXBuildFile; fileRef = 694CD5A1225B184B007A3447 /* AppDelegate.swift */; };
		694CD5A4225B184B007A3447 /* ViewController.swift in Sources */ = {isa = PBXBuildFile; fileRef = 694CD5A3225B184B007A3447 /* ViewController.swift */; };
		694CD5A7225B184B007A3447 /* Main.storyboard in Resources */ = {isa = PBXBuildFile; fileRef = 694CD5A5225B184B007A3447 /* Main.storyboard */; };
		694CD5A9225B184D007A3447 /* Assets.xcassets in Resources */ = {isa = PBXBuildFile; fileRef = 694CD5A8225B184D007A3447 /* Assets.xcassets */; };
		694CD5AC225B184D007A3447 /* LaunchScreen.storyboard in Resources */ = {isa = PBXBuildFile; fileRef = 694CD5AA225B184D007A3447 /* LaunchScreen.storyboard */; };
		694CD5B7225B184D007A3447 /* testTests.swift in Sources */ = {isa = PBXBuildFile; fileRef = 694CD5B6225B184D007A3447 /* testTests.swift */; };
		694CD5C2225B184D007A3447 /* testUITests.swift in Sources */ = {isa = PBXBuildFile; fileRef = 694CD5C1225B184D007A3447 /* testUITests.swift */; };
/* End PBXBuildFile section */

/* Begin PBXContainerItemProxy section */
		694CD5B3225B184D007A3447 /* PBXContainerItemProxy */ = {
			isa = PBXContainerItemProxy;
			containerPortal = 694CD596225B184B007A3447 /* Project object */;
			proxyType = 1;
			remoteGlobalIDString = 694CD59D225B184B007A3447;
			remoteInfo = test;
		};
		694CD5BE225B184D007A3447 /* PBXContainerItemProxy */ = {
			isa = PBXContainerItemProxy;
			containerPortal = 694CD596225B184B007A3447 /* Project object */;
			proxyType = 1;
			remoteGlobalIDString = 694CD59D225B184B007A3447;
			remoteInfo = test;
		};
/* End PBXContainerItemProxy section */

/* Begin PBXFileReference section */
		694CD59E225B184B007A3447 /* test.app */ = {isa = PBXFileReference; explicitFileType = wrapper.application; includeInIndex = 0; path = test.app; sourceTree = BUILT_PRODUCTS_DIR; };
		694CD5A1225B184B007A3447 /* AppDelegate.swift */ = {isa = PBXFileReference; lastKnownFileType = sourcecode.swift; path = AppDelegate.swift; sourceTree = "<group>"; };
		694CD5A3225B184B007A3447 /* ViewController.swift */ = {isa = PBXFileReference; lastKnownFileType = sourcecode.swift; path = ViewController.swift; sourceTree = "<group>"; };
		694CD5A6225B184B007A3447 /* Base */ = {isa = PBXFileReference; lastKnownFileType = file.storyboard; name = Base; path = Base.lproj/Main.storyboard; sourceTree = "<group>"; };
		694CD5A8225B184D007A3447 /* Assets.xcassets */ = {isa = PBXFileReference; lastKnownFileType = folder.assetcatalog; path = Assets.xcassets; sourceTree = "<group>"; };
		694CD5AB225B184D007A3447 /* Base */ = {isa = PBXFileReference; lastKnownFileType = file.storyboard; name = Base; path = Base.lproj/LaunchScreen.storyboard; sourceTree = "<group>"; };
		694CD5AD225B184D007A3447 /* Info.plist */ = {isa = PBXFileReference; lastKnownFileType = text.plist.xml; path = Info.plist; sourceTree = "<group>"; };
		694CD5B2225B184D007A3447 /* testTests.xctest */ = {isa = PBXFileReference; explicitFileType = wrapper.cfbundle; includeInIndex = 0; path = testTests.xctest; sourceTree = BUILT_PRODUCTS_DIR; };
		694CD5B6225B184D007A3447 /* testTests.swift */ = {isa = PBXFileReference; lastKnownFileType = sourcecode.swift; path = testTests.swift; sourceTree = "<group>"; };
		694CD5B8225B184D007A3447 /* Info.plist */ = {isa = PBXFileReference; lastKnownFileType = text.plist.xml; path = Info.plist; sourceTree = "<group>"; };
		694CD5BD225B184D007A3447 /* testUITests.xctest */ = {isa = PBXFileReference; explicitFileType = wrapper.cfbundle; includeInIndex = 0; path = testUITests.xctest; sourceTree = BUILT_PRODUCTS_DIR; };
		694CD5C1225B184D007A3447 /* testUITests.swift */ = {isa = PBXFileReference; lastKnownFileType = sourcecode.swift; path = testUITests.swift; sourceTree = "<group>"; };
		694CD5C3225B184D007A3447 /* Info.plist */ = {isa = PBXFileReference; lastKnownFileType = text.plist.xml; path = Info.plist; sourceTree = "<group>"; };
/* End PBXFileReference section */

/* Begin PBXFrameworksBuildPhase section */
		694CD59B225B184B007A3447 /* Frameworks */ = {
			isa = PBXFrameworksBuildPhase;
			buildActionMask = 2147483647;
			files = (
			);
			runOnlyForDeploymentPostprocessing = 0;
		};
		694CD5AF225B184D007A3447 /* Frameworks */ = {
			isa = PBXFrameworksBuildPhase;
			buildActionMask = 2147483647;
			files = (
			);
			runOnlyForDeploymentPostprocessing = 0;
		};
		694CD5BA225B184D007A3447 /* Frameworks */ = {
			isa = PBXFrameworksBuildPhase;
			buildActionMask = 2147483647;
			files = (
			);
			runOnlyForDeploymentPostprocessing = 0;
		};
/* End PBXFrameworksBuildPhase section */

/* Begin PBXGroup section */
		694CD595225B184B007A3447 = {
			isa = PBXGroup;
			children = (
				694CD5A0225B184B007A3447 /* test */,
				694CD5B5225B184D007A3447 /* testTests */,
				694CD5C0225B184D007A3447 /* testUITests */,
				694CD59F225B184B007A3447 /* Products */,
			);
			sourceTree = "<group>";
		};
		694CD59F225B184B007A3447 /* Products */ = {
			isa = PBXGroup;
			children = (
				694CD59E225B184B007A3447 /* test.app */,
				694CD5B2225B184D007A3447 /* testTests.xctest */,
				694CD5BD225B184D007A3447 /* testUITests.xctest */,
			);
			name = Products;
			sourceTree = "<group>";
		};
		694CD5A0225B184B007A3447 /* test */ = {
			isa = PBXGroup;
			children = (
				694CD5A1225B184B007A3447 /* AppDelegate.swift */,
				694CD5A3225B184B007A3447 /* ViewController.swift */,
				694CD5A5225B184B007A3447 /* Main.storyboard */,
				694CD5A8225B184D007A3447 /* Assets.xcassets */,
				694CD5AA225B184D007A3447 /* LaunchScreen.storyboard */,
				694CD5AD225B184D007A3447 /* Info.plist */,
			);
			path = test;
			sourceTree = "<group>";
		};
		694CD5B5225B184D007A3447 /* testTests */ = {
			isa = PBXGroup;
			children = (
				694CD5B6225B184D007A3447 /* testTests.swift */,
				694CD5B8225B184D007A3447 /* Info.plist */,
			);
			path = testTests;
			sourceTree = "<group>";
		};
		694CD5C0225B184D007A3447 /* testUITests */ = {
			isa = PBXGroup;
			children = (
				694CD5C1225B184D007A3447 /* testUITests.swift */,
				694CD5C3225B184D007A3447 /* Info.plist */,
			);
			path = testUITests;
			sourceTree = "<group>";
		};
/* End PBXGroup section */

/* Begin PBXNativeTarget section */
		694CD59D225B184B007A3447 /* test */ = {
			isa = PBXNativeTarget;
			buildConfigurationList = 694CD5C6225B184D007A3447 /* Build configuration list for PBXNativeTarget "test" */;
			buildPhases = (
				694CD59A225B184B007A3447 /* Sources */,
				694CD59B225B184B007A3447 /* Frameworks */,
				694CD59C225B184B007A3447 /* Resources */,
			);
			buildRules = (
			);
			dependencies = (
			);
			name = test;
			productName = test;
			productReference = 694CD59E225B184B007A3447 /* test.app */;
			productType = "com.apple.product-type.application";
		};
		694CD5B1225B184D007A3447 /* testTests */ = {
			isa = PBXNativeTarget;
			buildConfigurationList = 694CD5C9225B184D007A3447 /* Build configuration list for PBXNativeTarget "testTests" */;
			buildPhases = (
				694CD5AE225B184D007A3447 /* Sources */,
				694CD5AF225B184D007A3447 /* Frameworks */,
				694CD5B0225B184D007A3447 /* Resources */,
			);
			buildRules = (
			);
			dependencies = (
				694CD5B4225B184D007A3447 /* PBXTargetDependency */,
			);
			name = testTests;
			productName = testTests;
			productReference = 694CD5B2225B184D007A3447 /* testTests.xctest */;
			productType = "com.apple.product-type.bundle.unit-test";
		};
		694CD5BC225B184D007A3447 /* testUITests */ = {
			isa = PBXNativeTarget;
			buildConfigurationList = 694CD5CC225B184D007A3447 /* Build configuration list for PBXNativeTarget "testUITests" */;
			buildPhases = (
				694CD5B9225B184D007A3447 /* Sources */,
				694CD5BA225B184D007A3447 /* Frameworks */,
				694CD5BB225B184D007A3447 /* Resources */,
			);
			buildRules = (
			);
			dependencies = (
				694CD5BF225B184D007A3447 /* PBXTargetDependency */,
			);
			name = testUITests;
			productName = testUITests;
			productReference = 694CD5BD225B184D007A3447 /* testUITests.xctest */;
			productType = "com.apple.product-type.bundle.ui-testing";
		};
/* End PBXNativeTarget section */

/* Begin PBXProject section */
		694CD596225B184B007A3447 /* Project object */ = {
			isa = PBXProject;
			attributes = {
				LastSwiftUpdateCheck = 1020;
				LastUpgradeCheck = 1020;
				ORGANIZATIONNAME = "Alfredq3 Lin";
				TargetAttributes = {
					694CD59D225B184B007A3447 = {
						CreatedOnToolsVersion = 10.2;
					};
					694CD5B1225B184D007A3447 = {
						CreatedOnToolsVersion = 10.2;
						TestTargetID = 694CD59D225B184B007A3447;
					};
					694CD5BC225B184D007A3447 = {
						CreatedOnToolsVersion = 10.2;
						TestTargetID = 694CD59D225B184B007A3447;
					};
				};
			};
			buildConfigurationList = 694CD599225B184B007A3447 /* Build configuration list for PBXProject "test" */;
			compatibilityVersion = "Xcode 9.3";
			developmentRegion = en;
			hasScannedForEncodings = 0;
			knownRegions = (
				en,
				Base,
			);
			mainGroup = 694CD595225B184B007A3447;
			productRefGroup = 694CD59F225B184B007A3447 /* Products */;
			projectDirPath = "";
			projectRoot = "";
			targets = (
				694CD59D225B184B007A3447 /* test */,
				694CD5B1225B184D007A3447 /* testTests */,
				694CD5BC225B184D007A3447 /* testUITests */,
			);
		};
/* End PBXProject section */

/* Begin PBXResourcesBuildPhase section */
		694CD59C225B184B007A3447 /* Resources */ = {
			isa = PBXResourcesBuildPhase;
			buildActionMask = 2147483647;
			files = (
				694CD5AC225B184D007A3447 /* LaunchScreen.storyboard in Resources */,
				694CD5A9225B184D007A3447 /* Assets.xcassets in Resources */,
				694CD5A7225B184B007A3447 /* Main.storyboard in Resources */,
			);
			runOnlyForDeploymentPostprocessing = 0;
		};
		694CD5B0225B184D007A3447 /* Resources */ = {
			isa = PBXResourcesBuildPhase;
			buildActionMask = 2147483647;
			files = (
			);
			runOnlyForDeploymentPostprocessing = 0;
		};
		694CD5BB225B184D007A3447 /* Resources */ = {
			isa = PBXResourcesBuildPhase;
			buildActionMask = 2147483647;
			files = (
			);
			runOnlyForDeploymentPostprocessing = 0;
		};
/* End PBXResourcesBuildPhase section */

/* Begin PBXSourcesBuildPhase section */
		694CD59A225B184B007A3447 /* Sources */ = {
			isa = PBXSourcesBuildPhase;
			buildActionMask = 2147483647;
			files = (
				694CD5A4225B184B007A3447 /* ViewController.swift in Sources */,
				694CD5A2225B184B007A3447 /* AppDelegate.swift in Sources */,
			);
			runOnlyForDeploymentPostprocessing = 0;
		};
		694CD5AE225B184D007A3447 /* Sources */ = {
			isa = PBXSourcesBuildPhase;
			buildActionMask = 2147483647;
			files = (
				694CD5B7225B184D007A3447 /* testTests.swift in Sources */,
			);
			runOnlyForDeploymentPostprocessing = 0;
		};
		694CD5B9225B184D007A3447 /* Sources */ = {
			isa = PBXSourcesBuildPhase;
			buildActionMask = 2147483647;
			files = (
				694CD5C2225B184D007A3447 /* testUITests.swift in Sources */,
			);
			runOnlyForDeploymentPostprocessing = 0;
		};
/* End PBXSourcesBuildPhase section */

/* Begin PBXTargetDependency section */
		694CD5B4225B184D007A3447 /* PBXTargetDependency */ = {
			isa = PBXTargetDependency;
			target = 694CD59D225B184B007A3447 /* test */;
			targetProxy = 694CD5B3225B184D007A3447 /* PBXContainerItemProxy */;
		};
		694CD5BF225B184D007A3447 /* PBXTargetDependency */ = {
			isa = PBXTargetDependency;
			target = 694CD59D225B184B007A3447 /* test */;
			targetProxy = 694CD5BE225B184D007A3447 /* PBXContainerItemProxy */;
		};
/* End PBXTargetDependency section */

/* Begin PBXVariantGroup section */
		694CD5A5225B184B007A3447 /* Main.storyboard */ = {
			isa = PBXVariantGroup;
			children = (
				694CD5A6225B184B007A3447 /* Base */,
			);
			name = Main.storyboard;
			sourceTree = "<group>";
		};
		694CD5AA225B184D007A3447 /* LaunchScreen.storyboard */ = {
			isa = PBXVariantGroup;
			children = (
				694CD5AB225B184D007A3447 /* Base */,
			);
			name = LaunchScreen.storyboard;
			sourceTree = "<group>";
		};
/* End PBXVariantGroup section */

/* Begin XCBuildConfiguration section */
		694CD5C4225B184D007A3447 /* Debug */ = {
			isa = XCBuildConfiguration;
			buildSettings = {
				ALWAYS_SEARCH_USER_PATHS = NO;
				CLANG_ANALYZER_NONNULL = YES;
				CLANG_ANALYZER_NUMBER_OBJECT_CONVERSION = YES_AGGRESSIVE;
				CLANG_CXX_LANGUAGE_STANDARD = "gnu++14";
				CLANG_CXX_LIBRARY = "libc++";
				CLANG_ENABLE_MODULES = YES;
				CLANG_ENABLE_OBJC_ARC = YES;
				CLANG_ENABLE_OBJC_WEAK = YES;
				CLANG_WARN_BLOCK_CAPTURE_AUTORELEASING = YES;
				CLANG_WARN_BOOL_CONVERSION = YES;
				CLANG_WARN_COMMA = YES;
				CLANG_WARN_CONSTANT_CONVERSION = YES;
				CLANG_WARN_DEPRECATED_OBJC_IMPLEMENTATIONS = YES;
				CLANG_WARN_DIRECT_OBJC_ISA_USAGE = YES_ERROR;
				CLANG_WARN_DOCUMENTATION_COMMENTS = YES;
				CLANG_WARN_EMPTY_BODY = YES;
				CLANG_WARN_ENUM_CONVERSION = YES;
				CLANG_WARN_INFINITE_RECURSION = YES;
				CLANG_WARN_INT_CONVERSION = YES;
				CLANG_WARN_NON_LITERAL_NULL_CONVERSION = YES;
				CLANG_WARN_OBJC_IMPLICIT_RETAIN_SELF = YES;
				CLANG_WARN_OBJC_LITERAL_CONVERSION = YES;
				CLANG_WARN_OBJC_ROOT_CLASS = YES_ERROR;
				CLANG_WARN_RANGE_LOOP_ANALYSIS = YES;
				CLANG_WARN_STRICT_PROTOTYPES = YES;
				CLANG_WARN_SUSPICIOUS_MOVE = YES;
				CLANG_WARN_UNGUARDED_AVAILABILITY = YES_AGGRESSIVE;
				CLANG_WARN_UNREACHABLE_CODE = YES;
				CLANG_WARN__DUPLICATE_METHOD_MATCH = YES;
				CODE_SIGN_IDENTITY = "iPhone Developer";
				COPY_PHASE_STRIP = NO;
				DEBUG_INFORMATION_FORMAT = dwarf;
				ENABLE_STRICT_OBJC_MSGSEND = YES;
				ENABLE_TESTABILITY = YES;
				GCC_C_LANGUAGE_STANDARD = gnu11;
				GCC_DYNAMIC_NO_PIC = NO;
				GCC_NO_COMMON_BLOCKS = YES;
				GCC_OPTIMIZATION_LEVEL = 0;
				GCC_PREPROCESSOR_DEFINITIONS = (
					"DEBUG=1",
					"$(inherited)",
				);
				GCC_WARN_64_TO_32_BIT_CONVERSION = YES;
				GCC_WARN_ABOUT_RETURN_TYPE = YES_ERROR;
				GCC_WARN_UNDECLARED_SELECTOR = YES;
				GCC_WARN_UNINITIALIZED_AUTOS = YES_AGGRESSIVE;
				GCC_WARN_UNUSED_FUNCTION = YES;
				GCC_WARN_UNUSED_VARIABLE = YES;
				IPHONEOS_DEPLOYMENT_TARGET = 12.2;
				MTL_ENABLE_DEBUG_INFO = INCLUDE_SOURCE;
				MTL_FAST_MATH = YES;
				ONLY_ACTIVE_ARCH = YES;
				SDKROOT = iphoneos;
				SWIFT_ACTIVE_COMPILATION_CONDITIONS = DEBUG;
				SWIFT_OPTIMIZATION_LEVEL = "-Onone";
			};
			name = Debug;
		};
		694CD5C5225B184D007A3447 /* Release */ = {
			isa = XCBuildConfiguration;
			buildSettings = {
				ALWAYS_SEARCH_USER_PATHS = NO;
				CLANG_ANALYZER_NONNULL = YES;
				CLANG_ANALYZER_NUMBER_OBJECT_CONVERSION = YES_AGGRESSIVE;
				CLANG_CXX_LANGUAGE_STANDARD = "gnu++14";
				CLANG_CXX_LIBRARY = "libc++";
				CLANG_ENABLE_MODULES = YES;
				CLANG_ENABLE_OBJC_ARC = YES;
				CLANG_ENABLE_OBJC_WEAK = YES;
				CLANG_WARN_BLOCK_CAPTURE_AUTORELEASING = YES;
				CLANG_WARN_BOOL_CONVERSION = YES;
				CLANG_WARN_COMMA = YES;
				CLANG_WARN_CONSTANT_CONVERSION = YES;
				CLANG_WARN_DEPRECATED_OBJC_IMPLEMENTATIONS = YES;
				CLANG_WARN_DIRECT_OBJC_ISA_USAGE = YES_ERROR;
				CLANG_WARN_DOCUMENTATION_COMMENTS = YES;
				CLANG_WARN_EMPTY_BODY = YES;
				CLANG_WARN_ENUM_CONVERSION = YES;
				CLANG_WARN_INFINITE_RECURSION = YES;
				CLANG_WARN_INT_CONVERSION = YES;
				CLANG_WARN_NON_LITERAL_NULL_CONVERSION = YES;
				CLANG_WARN_OBJC_IMPLICIT_RETAIN_SELF = YES;
				CLANG_WARN_OBJC_LITERAL_CONVERSION = YES;
				CLANG_WARN_OBJC_ROOT_CLASS = YES_ERROR;
				CLANG_WARN_RANGE_LOOP_ANALYSIS = YES;
				CLANG_WARN_STRICT_PROTOTYPES = YES;
				CLANG_WARN_SUSPICIOUS_MOVE = YES;
				CLANG_WARN_UNGUARDED_AVAILABILITY = YES_AGGRESSIVE;
				CLANG_WARN_UNREACHABLE_CODE = YES;
				CLANG_WARN__DUPLICATE_METHOD_MATCH = YES;
				CODE_SIGN_IDENTITY = "iPhone Developer";
				COPY_PHASE_STRIP = NO;
				DEBUG_INFORMATION_FORMAT = "dwarf-with-dsym";
				ENABLE_NS_ASSERTIONS = NO;
				ENABLE_STRICT_OBJC_MSGSEND = YES;
				GCC_C_LANGUAGE_STANDARD = gnu11;
				GCC_NO_COMMON_BLOCKS = YES;
				GCC_WARN_64_TO_32_BIT_CONVERSION = YES;
				GCC_WARN_ABOUT_RETURN_TYPE = YES_ERROR;
				GCC_WARN_UNDECLARED_SELECTOR = YES;
				GCC_WARN_UNINITIALIZED_AUTOS = YES_AGGRESSIVE;
				GCC_WARN_UNUSED_FUNCTION = YES;
				GCC_WARN_UNUSED_VARIABLE = YES;
				IPHONEOS_DEPLOYMENT_TARGET = 12.2;
				MTL_ENABLE_DEBUG_INFO = NO;
				MTL_FAST_MATH = YES;
				SDKROOT = iphoneos;
				SWIFT_COMPILATION_MODE = wholemodule;
				SWIFT_OPTIMIZATION_LEVEL = "-O";
				VALIDATE_PRODUCT = YES;
			};
			name = Release;
		};
		694CD5C7225B184D007A3447 /* Debug */ = {
			isa = XCBuildConfiguration;
			buildSettings = {
				ASSETCATALOG_COMPILER_APPICON_NAME = AppIcon;
				CODE_SIGN_STYLE = Automatic;
				DEVELOPMENT_TEAM = XX5TS5R8N7;
				INFOPLIST_FILE = test/Info.plist;
				LD_RUNPATH_SEARCH_PATHS = (
					"$(inherited)",
					"@executable_path/Frameworks",
				);
				PRODUCT_BUNDLE_IDENTIFIER = sdasdasdasdasda.test;
				PRODUCT_NAME = "$(TARGET_NAME)";
				SWIFT_VERSION = 5.0;
				TARGETED_DEVICE_FAMILY = "1,2";
			};
			name = Debug;
		};
		694CD5C8225B184D007A3447 /* Release */ = {
			isa = XCBuildConfiguration;
			buildSettings = {
				ASSETCATALOG_COMPILER_APPICON_NAME = AppIcon;
				CODE_SIGN_STYLE = Automatic;
				DEVELOPMENT_TEAM = XX5TS5R8N7;
				INFOPLIST_FILE = test/Info.plist;
				LD_RUNPATH_SEARCH_PATHS = (
					"$(inherited)",
					"@executable_path/Frameworks",
				);
				PRODUCT_BUNDLE_IDENTIFIER = sdasdasdasdasda.test;
				PRODUCT_NAME = "$(TARGET_NAME)";
				SWIFT_VERSION = 5.0;
				TARGETED_DEVICE_FAMILY = "1,2";
			};
			name = Release;
		};
		694CD5CA225B184D007A3447 /* Debug */ = {
			isa = XCBuildConfiguration;
			buildSettings = {
				ALWAYS_EMBED_SWIFT_STANDARD_LIBRARIES = YES;
				BUNDLE_LOADER = "$(TEST_HOST)";
				CODE_SIGN_STYLE = Automatic;
				DEVELOPMENT_TEAM = XX5TS5R8N7;
				INFOPLIST_FILE = testTests/Info.plist;
				LD_RUNPATH_SEARCH_PATHS = (
					"$(inherited)",
					"@executable_path/Frameworks",
					"@loader_path/Frameworks",
				);
				PRODUCT_BUNDLE_IDENTIFIER = sdasdasdasdasda.testTests;
				PRODUCT_NAME = "$(TARGET_NAME)";
				SWIFT_VERSION = 5.0;
				TARGETED_DEVICE_FAMILY = "1,2";
				TEST_HOST = "$(BUILT_PRODUCTS_DIR)/test.app/test";
			};
			name = Debug;
		};
		694CD5CB225B184D007A3447 /* Release */ = {
			isa = XCBuildConfiguration;
			buildSettings = {
				ALWAYS_EMBED_SWIFT_STANDARD_LIBRARIES = YES;
				BUNDLE_LOADER = "$(TEST_HOST)";
				CODE_SIGN_STYLE = Automatic;
				DEVELOPMENT_TEAM = XX5TS5R8N7;
				INFOPLIST_FILE = testTests/Info.plist;
				LD_RUNPATH_SEARCH_PATHS = (
					"$(inherited)",
					"@executable_path/Frameworks",
					"@loader_path/Frameworks",
				);
				PRODUCT_BUNDLE_IDENTIFIER = sdasdasdasdasda.testTests;
				PRODUCT_NAME = "$(TARGET_NAME)";
				SWIFT_VERSION = 5.0;
				TARGETED_DEVICE_FAMILY = "1,2";
				TEST_HOST = "$(BUILT_PRODUCTS_DIR)/test.app/test";
			};
			name = Release;
		};
		694CD5CD225B184D007A3447 /* Debug */ = {
			isa = XCBuildConfiguration;
			buildSettings = {
				ALWAYS_EMBED_SWIFT_STANDARD_LIBRARIES = YES;
				CODE_SIGN_STYLE = Automatic;
				DEVELOPMENT_TEAM = XX5TS5R8N7;
				INFOPLIST_FILE = testUITests/Info.plist;
				LD_RUNPATH_SEARCH_PATHS = (
					"$(inherited)",
					"@executable_path/Frameworks",
					"@loader_path/Frameworks",
				);
				PRODUCT_BUNDLE_IDENTIFIER = sdasdasdasdasda.testUITests;
				PRODUCT_NAME = "$(TARGET_NAME)";
				SWIFT_VERSION = 5.0;
				TARGETED_DEVICE_FAMILY = "1,2";
				TEST_TARGET_NAME = test;
			};
			name = Debug;
		};
		694CD5CE225B184D007A3447 /* Release */ = {
			isa = XCBuildConfiguration;
			buildSettings = {
				ALWAYS_EMBED_SWIFT_STANDARD_LIBRARIES = YES;
				CODE_SIGN_STYLE = Automatic;
				DEVELOPMENT_TEAM = XX5TS5R8N7;
				INFOPLIST_FILE = testUITests/Info.plist;
				LD_RUNPATH_SEARCH_PATHS = (
					"$(inherited)",
					"@executable_path/Frameworks",
					"@loader_path/Frameworks",
				);
				PRODUCT_BUNDLE_IDENTIFIER = sdasdasdasdasda.testUITests;
				PRODUCT_NAME = "$(TARGET_NAME)";
				SWIFT_VERSION = 5.0;
				TARGETED_DEVICE_FAMILY = "1,2";
				TEST_TARGET_NAME = test;
			};
			name = Release;
		};
/* End XCBuildConfiguration section */

/* Begin XCConfigurationList section */
		694CD599225B184B007A3447 /* Build configuration list for PBXProject "test" */ = {
			isa = XCConfigurationList;
			buildConfigurations = (
				694CD5C4225B184D007A3447 /* Debug */,
				694CD5C5225B184D007A3447 /* Release */,
			);
			defaultConfigurationIsVisible = 0;
			defaultConfigurationName = Release;
		};
		694CD5C6225B184D007A3447 /* Build configuration list for PBXNativeTarget "test" */ = {
			isa = XCConfigurationList;
			buildConfigurations = (
				694CD5C7225B184D007A3447 /* Debug */,
				694CD5C8225B184D007A3447 /* Release */,
			);
			defaultConfigurationIsVisible = 0;
			defaultConfigurationName = Release;
		};
		694CD5C9225B184D007A3447 /* Build configuration list for PBXNativeTarget "testTests" */ = {
			isa = XCConfigurationList;
			buildConfigurations = (
				694CD5CA225B184D007A3447 /* Debug */,
				694CD5CB225B184D007A3447 /* Release */,
			);
			defaultConfigurationIsVisible = 0;
			defaultConfigurationName = Release;
		};
		694CD5CC225B184D007A3447 /* Build configuration list for PBXNativeTarget "testUITests" */ = {
			isa = XCConfigurationList;
			buildConfigurations = (
				694CD5CD225B184D007A3447 /* Debug */,
				694CD5CE225B184D007A3447 /* Release */,
			);
			defaultConfigurationIsVisible = 0;
			defaultConfigurationName = Release;
		};
/* End XCConfigurationList section */
	};
	rootObject = 694CD596225B184B007A3447 /* Project object */;
}
